
Microsoft Visual Studio Solution File, Format Version 12.00
# Visual Studio Version 17
VisualStudioVersion = 17.3.32825.248
MinimumVisualStudioVersion = 10.0.40219.1
Project("{9A19103F-16F7-4668-BE54-9A1E7A4F7556}") = "OrderManagerWebApp", "OrderManagerWebApp.csproj", "{49949F19-252C-4C23-989B-FADE5DF1097B}"
EndProject
Project("{9A19103F-16F7-4668-BE54-9A1E7A4F7556}") = "OrderManager.Db", "..\OrderManager.Db\OrderManager.Db.csproj", "{042FEF3C-8D4D-4056-95A9-94CC1BDE1A10}"
EndProject
Global
	GlobalSection(SolutionConfigurationPlatforms) = preSolution
		Debug|Any CPU = Debug|Any CPU
		Release|Any CPU = Release|Any CPU
	EndGlobalSection
	GlobalSection(ProjectConfigurationPlatforms) = postSolution
		{49949F19-252C-4C23-989B-FADE5DF1097B}.Debug|Any CPU.ActiveCfg = Debug|Any CPU
		{49949F19-252C-4C23-989B-FADE5DF1097B}.Debug|Any CPU.Build.0 = Debug|Any CPU
		{49949F19-252C-4C23-989B-FADE5DF1097B}.Release|Any CPU.ActiveCfg = Release|Any CPU
		{49949F19-252C-4C23-989B-FADE5DF1097B}.Release|Any CPU.Build.0 = Release|Any CPU
		{042FEF3C-8D4D-4056-95A9-94CC1BDE1A10}.Debug|Any CPU.ActiveCfg = Debug|Any CPU
		{042FEF3C-8D4D-4056-95A9-94CC1BDE1A10}.Debug|Any CPU.Build.0 = Debug|Any CPU
		{042FEF3C-8D4D-4056-95A9-94CC1BDE1A10}.Release|Any CPU.ActiveCfg = Release|Any CPU
		{042FEF3C-8D4D-4056-95A9-94CC1BDE1A10}.Release|Any CPU.Build.0 = Release|Any CPU
	EndGlobalSection
	GlobalSection(SolutionProperties) = preSolution
		HideSolutionNode = FALSE
	EndGlobalSection
	GlobalSection(ExtensibilityGlobals) = postSolution
		SolutionGuid = {62F260CA-FC18-40E1-8DAF-2E108D8E5271}
	EndGlobalSection
EndGlobal
